// !$*UTF8*$!
{
	archiveVersion = 1;
	classes = {
	};
	objectVersion = 56;
	objects = {

/* Begin PBXBuildFile section */
		7D32F3FE2CE41A450099DA4E /* LLMService.swift in Sources */ = {isa = PBXBuildFile; fileRef = 7D32F3FD2CE41A450099DA4E /* LLMService.swift */; };
		7D32F4002CE41BAF0099DA4E /* GroqView.swift in Sources */ = {isa = PBXBuildFile; fileRef = 7D32F3FF2CE41BAF0099DA4E /* GroqView.swift */; };
		7D4045672CD2113900200DFE /* CalculateReceipt.swift in Sources */ = {isa = PBXBuildFile; fileRef = 7D4045662CD2113900200DFE /* CalculateReceipt.swift */; };
		7D40456A2CD2E0EA00200DFE /* BalanceManager.swift in Sources */ = {isa = PBXBuildFile; fileRef = 7D4045692CD2E0EA00200DFE /* BalanceManager.swift */; };
		7D5450192CDAB5D400D39D37 /* SignUpView.swift in Sources */ = {isa = PBXBuildFile; fileRef = 7D5450182CDAB5D400D39D37 /* SignUpView.swift */; };
		7D54501B2CDAEB0300D39D37 /* TransactionDetailView.swift in Sources */ = {isa = PBXBuildFile; fileRef = 7D54501A2CDAEB0300D39D37 /* TransactionDetailView.swift */; };
		7D54501D2CDAEB7300D39D37 /* OweStatement.swift in Sources */ = {isa = PBXBuildFile; fileRef = 7D54501C2CDAEB7300D39D37 /* OweStatement.swift */; };
		7D7861C92CD17EA900A88CE2 /* UserExpense.swift in Sources */ = {isa = PBXBuildFile; fileRef = 7D7861C82CD17EA900A88CE2 /* UserExpense.swift */; };
		7DE7CB4D2CD9823800057217 /* GoogleService-Info.plist in Resources */ = {isa = PBXBuildFile; fileRef = 7DE7CB4C2CD9823800057217 /* GoogleService-Info.plist */; };
		7DE7CB4E2CD9823800057217 /* GoogleService-Info.plist in Resources */ = {isa = PBXBuildFile; fileRef = 7DE7CB4C2CD9823800057217 /* GoogleService-Info.plist */; };
		7DE7CB4F2CD9823800057217 /* GoogleService-Info.plist in Resources */ = {isa = PBXBuildFile; fileRef = 7DE7CB4C2CD9823800057217 /* GoogleService-Info.plist */; };
		7DE7CB522CD9842100057217 /* FirebaseAnalytics in Frameworks */ = {isa = PBXBuildFile; productRef = 7DE7CB512CD9842100057217 /* FirebaseAnalytics */; };
		7DE7CB542CD9842100057217 /* FirebaseAuth in Frameworks */ = {isa = PBXBuildFile; productRef = 7DE7CB532CD9842100057217 /* FirebaseAuth */; };
		7DE7CB562CD9842100057217 /* FirebaseDatabase in Frameworks */ = {isa = PBXBuildFile; productRef = 7DE7CB552CD9842100057217 /* FirebaseDatabase */; };
		7DE7CB582CD9842100057217 /* FirebaseDatabaseSwift in Frameworks */ = {isa = PBXBuildFile; productRef = 7DE7CB572CD9842100057217 /* FirebaseDatabaseSwift */; };
		7DE7CB5A2CD9842100057217 /* FirebaseDynamicLinks in Frameworks */ = {isa = PBXBuildFile; productRef = 7DE7CB592CD9842100057217 /* FirebaseDynamicLinks */; };
		7DE7CB5C2CD9842100057217 /* FirebaseFirestore in Frameworks */ = {isa = PBXBuildFile; productRef = 7DE7CB5B2CD9842100057217 /* FirebaseFirestore */; };
		7DE7CB5E2CD9842100057217 /* FirebaseFirestoreSwift in Frameworks */ = {isa = PBXBuildFile; productRef = 7DE7CB5D2CD9842100057217 /* FirebaseFirestoreSwift */; };
		7DE7CB602CD9842100057217 /* FirebaseStorage in Frameworks */ = {isa = PBXBuildFile; productRef = 7DE7CB5F2CD9842100057217 /* FirebaseStorage */; };
		7DE7CB622CD988E100057217 /* FriendManager.swift in Sources */ = {isa = PBXBuildFile; fileRef = 7DE7CB612CD988E100057217 /* FriendManager.swift */; };
		7DE7CB662CD988ED00057217 /* UserExpenseManager.swift in Sources */ = {isa = PBXBuildFile; fileRef = 7DE7CB652CD988ED00057217 /* UserExpenseManager.swift */; };
		7DE7CB6A2CD9B0B800057217 /* Group.swift in Sources */ = {isa = PBXBuildFile; fileRef = 7DE7CB692CD9B0B800057217 /* Group.swift */; };
		7DE7CB6C2CD9B12A00057217 /* GroupManager.swift in Sources */ = {isa = PBXBuildFile; fileRef = 7DE7CB6B2CD9B12A00057217 /* GroupManager.swift */; };
		7DE7CB6E2CD9B18200057217 /* GroupView.swift in Sources */ = {isa = PBXBuildFile; fileRef = 7DE7CB6D2CD9B18200057217 /* GroupView.swift */; };
		7DE7CB732CD9E33000057217 /* SignInView.swift in Sources */ = {isa = PBXBuildFile; fileRef = 7DE7CB722CD9E33000057217 /* SignInView.swift */; };
		7DE7CB752CD9E33B00057217 /* MainView.swift in Sources */ = {isa = PBXBuildFile; fileRef = 7DE7CB742CD9E33B00057217 /* MainView.swift */; };
		7DE81B142CD1ACBE0087B521 /* BalanceView.swift in Sources */ = {isa = PBXBuildFile; fileRef = 7DE81B132CD1ACBE0087B521 /* BalanceView.swift */; };
		7DE81B162CD1C4540087B521 /* TextRecognizer.swift in Sources */ = {isa = PBXBuildFile; fileRef = 7DE81B152CD1C4540087B521 /* TextRecognizer.swift */; };
		7DF97C4D2CD0980500A3B552 /* testappApp.swift in Sources */ = {isa = PBXBuildFile; fileRef = 7DF97C4C2CD0980500A3B552 /* testappApp.swift */; };
		7DF97C4F2CD0980500A3B552 /* ContentView.swift in Sources */ = {isa = PBXBuildFile; fileRef = 7DF97C4E2CD0980500A3B552 /* ContentView.swift */; };
		7DF97C512CD0980500A3B552 /* Assets.xcassets in Resources */ = {isa = PBXBuildFile; fileRef = 7DF97C502CD0980500A3B552 /* Assets.xcassets */; };
		7DF97C542CD0980500A3B552 /* Preview Assets.xcassets in Resources */ = {isa = PBXBuildFile; fileRef = 7DF97C532CD0980500A3B552 /* Preview Assets.xcassets */; };
		7DF97C5E2CD0980600A3B552 /* testappTests.swift in Sources */ = {isa = PBXBuildFile; fileRef = 7DF97C5D2CD0980600A3B552 /* testappTests.swift */; };
		7DF97C682CD0980600A3B552 /* testappUITests.swift in Sources */ = {isa = PBXBuildFile; fileRef = 7DF97C672CD0980600A3B552 /* testappUITests.swift */; };
		7DF97C6A2CD0980600A3B552 /* testappUITestsLaunchTests.swift in Sources */ = {isa = PBXBuildFile; fileRef = 7DF97C692CD0980600A3B552 /* testappUITestsLaunchTests.swift */; };
		7DF97C772CD098C900A3B552 /* HomeView.swift in Sources */ = {isa = PBXBuildFile; fileRef = 7DF97C762CD098C900A3B552 /* HomeView.swift */; };
		7DF97C792CD098CF00A3B552 /* LogView.swift in Sources */ = {isa = PBXBuildFile; fileRef = 7DF97C782CD098CF00A3B552 /* LogView.swift */; };
		7DF97C7D2CD0996900A3B552 /* AddTransaction.swift in Sources */ = {isa = PBXBuildFile; fileRef = 7DF97C7C2CD0996900A3B552 /* AddTransaction.swift */; };
		7DF97C7F2CD099BA00A3B552 /* SettingsView.swift in Sources */ = {isa = PBXBuildFile; fileRef = 7DF97C7E2CD099BA00A3B552 /* SettingsView.swift */; };
		7DF97C812CD09AEC00A3B552 /* ReceiptScannerView.swift in Sources */ = {isa = PBXBuildFile; fileRef = 7DF97C802CD09AEC00A3B552 /* ReceiptScannerView.swift */; };
		7DF97C8A2CD160B900A3B552 /* Friend.swift in Sources */ = {isa = PBXBuildFile; fileRef = 7DF97C892CD160B900A3B552 /* Friend.swift */; };
/* End PBXBuildFile section */

/* Begin PBXContainerItemProxy section */
		7DF97C5A2CD0980600A3B552 /* PBXContainerItemProxy */ = {
			isa = PBXContainerItemProxy;
			containerPortal = 7DF97C412CD0980500A3B552 /* Project object */;
			proxyType = 1;
			remoteGlobalIDString = 7DF97C482CD0980500A3B552;
			remoteInfo = testapp;
		};
		7DF97C642CD0980600A3B552 /* PBXContainerItemProxy */ = {
			isa = PBXContainerItemProxy;
			containerPortal = 7DF97C412CD0980500A3B552 /* Project object */;
			proxyType = 1;
			remoteGlobalIDString = 7DF97C482CD0980500A3B552;
			remoteInfo = testapp;
		};
/* End PBXContainerItemProxy section */

/* Begin PBXFileReference section */
		7D32F3FD2CE41A450099DA4E /* LLMService.swift */ = {isa = PBXFileReference; lastKnownFileType = sourcecode.swift; path = LLMService.swift; sourceTree = "<group>"; };
		7D32F3FF2CE41BAF0099DA4E /* GroqView.swift */ = {isa = PBXFileReference; lastKnownFileType = sourcecode.swift; path = GroqView.swift; sourceTree = "<group>"; };
		7D32F4012CE426F30099DA4E /* Info.plist */ = {isa = PBXFileReference; lastKnownFileType = text.plist; path = Info.plist; sourceTree = "<group>"; };
		7D4045662CD2113900200DFE /* CalculateReceipt.swift */ = {isa = PBXFileReference; lastKnownFileType = sourcecode.swift; path = CalculateReceipt.swift; sourceTree = "<group>"; };
		7D4045692CD2E0EA00200DFE /* BalanceManager.swift */ = {isa = PBXFileReference; lastKnownFileType = sourcecode.swift; path = BalanceManager.swift; sourceTree = "<group>"; };
		7D5450182CDAB5D400D39D37 /* SignUpView.swift */ = {isa = PBXFileReference; lastKnownFileType = sourcecode.swift; path = SignUpView.swift; sourceTree = "<group>"; };
		7D54501A2CDAEB0300D39D37 /* TransactionDetailView.swift */ = {isa = PBXFileReference; lastKnownFileType = sourcecode.swift; path = TransactionDetailView.swift; sourceTree = "<group>"; };
		7D54501C2CDAEB7300D39D37 /* OweStatement.swift */ = {isa = PBXFileReference; lastKnownFileType = sourcecode.swift; path = OweStatement.swift; sourceTree = "<group>"; };
		7D7861C82CD17EA900A88CE2 /* UserExpense.swift */ = {isa = PBXFileReference; lastKnownFileType = sourcecode.swift; path = UserExpense.swift; sourceTree = "<group>"; };
		7DE7CB4C2CD9823800057217 /* GoogleService-Info.plist */ = {isa = PBXFileReference; fileEncoding = 4; lastKnownFileType = text.plist.xml; name = "GoogleService-Info.plist"; path = "../../../Downloads/GoogleService-Info.plist"; sourceTree = "<group>"; };
		7DE7CB612CD988E100057217 /* FriendManager.swift */ = {isa = PBXFileReference; lastKnownFileType = sourcecode.swift; path = FriendManager.swift; sourceTree = "<group>"; };
		7DE7CB652CD988ED00057217 /* UserExpenseManager.swift */ = {isa = PBXFileReference; lastKnownFileType = sourcecode.swift; path = UserExpenseManager.swift; sourceTree = "<group>"; };
		7DE7CB692CD9B0B800057217 /* Group.swift */ = {isa = PBXFileReference; lastKnownFileType = sourcecode.swift; path = Group.swift; sourceTree = "<group>"; };
		7DE7CB6B2CD9B12A00057217 /* GroupManager.swift */ = {isa = PBXFileReference; lastKnownFileType = sourcecode.swift; path = GroupManager.swift; sourceTree = "<group>"; };
		7DE7CB6D2CD9B18200057217 /* GroupView.swift */ = {isa = PBXFileReference; lastKnownFileType = sourcecode.swift; path = GroupView.swift; sourceTree = "<group>"; };
		7DE7CB722CD9E33000057217 /* SignInView.swift */ = {isa = PBXFileReference; lastKnownFileType = sourcecode.swift; path = SignInView.swift; sourceTree = "<group>"; };
		7DE7CB742CD9E33B00057217 /* MainView.swift */ = {isa = PBXFileReference; lastKnownFileType = sourcecode.swift; path = MainView.swift; sourceTree = "<group>"; };
		7DE7CB762CD9FCFA00057217 /* testapp.entitlements */ = {isa = PBXFileReference; lastKnownFileType = text.plist.entitlements; path = testapp.entitlements; sourceTree = "<group>"; };
		7DE81B132CD1ACBE0087B521 /* BalanceView.swift */ = {isa = PBXFileReference; lastKnownFileType = sourcecode.swift; path = BalanceView.swift; sourceTree = "<group>"; };
		7DE81B152CD1C4540087B521 /* TextRecognizer.swift */ = {isa = PBXFileReference; lastKnownFileType = sourcecode.swift; path = TextRecognizer.swift; sourceTree = "<group>"; };
		7DF97C492CD0980500A3B552 /* TravelBank.app */ = {isa = PBXFileReference; explicitFileType = wrapper.application; includeInIndex = 0; path = TravelBank.app; sourceTree = BUILT_PRODUCTS_DIR; };
		7DF97C4C2CD0980500A3B552 /* testappApp.swift */ = {isa = PBXFileReference; lastKnownFileType = sourcecode.swift; path = testappApp.swift; sourceTree = "<group>"; };
		7DF97C4E2CD0980500A3B552 /* ContentView.swift */ = {isa = PBXFileReference; lastKnownFileType = sourcecode.swift; path = ContentView.swift; sourceTree = "<group>"; };
		7DF97C502CD0980500A3B552 /* Assets.xcassets */ = {isa = PBXFileReference; lastKnownFileType = folder.assetcatalog; path = Assets.xcassets; sourceTree = "<group>"; };
		7DF97C532CD0980500A3B552 /* Preview Assets.xcassets */ = {isa = PBXFileReference; lastKnownFileType = folder.assetcatalog; path = "Preview Assets.xcassets"; sourceTree = "<group>"; };
		7DF97C592CD0980600A3B552 /* TravelBankTests.xctest */ = {isa = PBXFileReference; explicitFileType = wrapper.cfbundle; includeInIndex = 0; path = TravelBankTests.xctest; sourceTree = BUILT_PRODUCTS_DIR; };
		7DF97C5D2CD0980600A3B552 /* testappTests.swift */ = {isa = PBXFileReference; lastKnownFileType = sourcecode.swift; path = testappTests.swift; sourceTree = "<group>"; };
		7DF97C632CD0980600A3B552 /* TravelBankUITests.xctest */ = {isa = PBXFileReference; explicitFileType = wrapper.cfbundle; includeInIndex = 0; path = TravelBankUITests.xctest; sourceTree = BUILT_PRODUCTS_DIR; };
		7DF97C672CD0980600A3B552 /* testappUITests.swift */ = {isa = PBXFileReference; lastKnownFileType = sourcecode.swift; path = testappUITests.swift; sourceTree = "<group>"; };
		7DF97C692CD0980600A3B552 /* testappUITestsLaunchTests.swift */ = {isa = PBXFileReference; lastKnownFileType = sourcecode.swift; path = testappUITestsLaunchTests.swift; sourceTree = "<group>"; };
		7DF97C762CD098C900A3B552 /* HomeView.swift */ = {isa = PBXFileReference; lastKnownFileType = sourcecode.swift; path = HomeView.swift; sourceTree = "<group>"; };
		7DF97C782CD098CF00A3B552 /* LogView.swift */ = {isa = PBXFileReference; lastKnownFileType = sourcecode.swift; path = LogView.swift; sourceTree = "<group>"; };
		7DF97C7C2CD0996900A3B552 /* AddTransaction.swift */ = {isa = PBXFileReference; lastKnownFileType = sourcecode.swift; path = AddTransaction.swift; sourceTree = "<group>"; };
		7DF97C7E2CD099BA00A3B552 /* SettingsView.swift */ = {isa = PBXFileReference; lastKnownFileType = sourcecode.swift; path = SettingsView.swift; sourceTree = "<group>"; };
		7DF97C802CD09AEC00A3B552 /* ReceiptScannerView.swift */ = {isa = PBXFileReference; lastKnownFileType = sourcecode.swift; path = ReceiptScannerView.swift; sourceTree = "<group>"; };
		7DF97C892CD160B900A3B552 /* Friend.swift */ = {isa = PBXFileReference; lastKnownFileType = sourcecode.swift; path = Friend.swift; sourceTree = "<group>"; };
/* End PBXFileReference section */

/* Begin PBXFrameworksBuildPhase section */
		7DF97C462CD0980500A3B552 /* Frameworks */ = {
			isa = PBXFrameworksBuildPhase;
			buildActionMask = 2147483647;
			files = (
				7DE7CB582CD9842100057217 /* FirebaseDatabaseSwift in Frameworks */,
				7DE7CB562CD9842100057217 /* FirebaseDatabase in Frameworks */,
				7DE7CB522CD9842100057217 /* FirebaseAnalytics in Frameworks */,
				7DE7CB5E2CD9842100057217 /* FirebaseFirestoreSwift in Frameworks */,
				7DE7CB542CD9842100057217 /* FirebaseAuth in Frameworks */,
				7DE7CB602CD9842100057217 /* FirebaseStorage in Frameworks */,
				7DE7CB5A2CD9842100057217 /* FirebaseDynamicLinks in Frameworks */,
				7DE7CB5C2CD9842100057217 /* FirebaseFirestore in Frameworks */,
			);
			runOnlyForDeploymentPostprocessing = 0;
		};
		7DF97C562CD0980600A3B552 /* Frameworks */ = {
			isa = PBXFrameworksBuildPhase;
			buildActionMask = 2147483647;
			files = (
			);
			runOnlyForDeploymentPostprocessing = 0;
		};
		7DF97C602CD0980600A3B552 /* Frameworks */ = {
			isa = PBXFrameworksBuildPhase;
			buildActionMask = 2147483647;
			files = (
			);
			runOnlyForDeploymentPostprocessing = 0;
		};
/* End PBXFrameworksBuildPhase section */

/* Begin PBXGroup section */
		7D4045682CD2E0DF00200DFE /* Models */ = {
			isa = PBXGroup;
			children = (
				7D7861C82CD17EA900A88CE2 /* UserExpense.swift */,
				7DE7CB692CD9B0B800057217 /* Group.swift */,
				7D54501C2CDAEB7300D39D37 /* OweStatement.swift */,
				7DF97C892CD160B900A3B552 /* Friend.swift */,
				7DE81B152CD1C4540087B521 /* TextRecognizer.swift */,
			);
			path = Models;
			sourceTree = "<group>";
		};
		7D98631A2CE92E17002A2BFE /* Controllers */ = {
			isa = PBXGroup;
			children = (
				7D4045692CD2E0EA00200DFE /* BalanceManager.swift */,
				7DE7CB612CD988E100057217 /* FriendManager.swift */,
				7DE7CB6B2CD9B12A00057217 /* GroupManager.swift */,
				7DE7CB652CD988ED00057217 /* UserExpenseManager.swift */,
				7D32F3FD2CE41A450099DA4E /* LLMService.swift */,
			);
			path = Controllers;
			sourceTree = "<group>";
		};
		7D98631B2CE92E1F002A2BFE /* Views */ = {
			isa = PBXGroup;
			children = (
				7DF97C4C2CD0980500A3B552 /* testappApp.swift */,
				7DF97C762CD098C900A3B552 /* HomeView.swift */,
				7DF97C782CD098CF00A3B552 /* LogView.swift */,
				7DE81B132CD1ACBE0087B521 /* BalanceView.swift */,
				7DF97C7C2CD0996900A3B552 /* AddTransaction.swift */,
				7DE7CB6D2CD9B18200057217 /* GroupView.swift */,
				7D4045662CD2113900200DFE /* CalculateReceipt.swift */,
				7D32F3FF2CE41BAF0099DA4E /* GroqView.swift */,
				7DE7CB722CD9E33000057217 /* SignInView.swift */,
				7D5450182CDAB5D400D39D37 /* SignUpView.swift */,
				7DE7CB742CD9E33B00057217 /* MainView.swift */,
				7DF97C7E2CD099BA00A3B552 /* SettingsView.swift */,
				7DF97C4E2CD0980500A3B552 /* ContentView.swift */,
				7D54501A2CDAEB0300D39D37 /* TransactionDetailView.swift */,
				7DF97C802CD09AEC00A3B552 /* ReceiptScannerView.swift */,
			);
			path = Views;
			sourceTree = "<group>";
		};
		7DF97C402CD0980400A3B552 = {
			isa = PBXGroup;
			children = (
				7DF97C4B2CD0980500A3B552 /* testapp */,
				7DF97C5C2CD0980600A3B552 /* testappTests */,
				7DF97C662CD0980600A3B552 /* testappUITests */,
				7DF97C4A2CD0980500A3B552 /* Products */,
			);
			sourceTree = "<group>";
		};
		7DF97C4A2CD0980500A3B552 /* Products */ = {
			isa = PBXGroup;
			children = (
				7DF97C492CD0980500A3B552 /* TravelBank.app */,
				7DF97C592CD0980600A3B552 /* TravelBankTests.xctest */,
				7DF97C632CD0980600A3B552 /* TravelBankUITests.xctest */,
			);
			name = Products;
			sourceTree = "<group>";
		};
		7DF97C4B2CD0980500A3B552 /* testapp */ = {
			isa = PBXGroup;
			children = (
				7D32F4012CE426F30099DA4E /* Info.plist */,
				7DE7CB762CD9FCFA00057217 /* testapp.entitlements */,
				7D4045682CD2E0DF00200DFE /* Models */,
				7D98631A2CE92E17002A2BFE /* Controllers */,
				7D98631B2CE92E1F002A2BFE /* Views */,
				7DE7CB4C2CD9823800057217 /* GoogleService-Info.plist */,
				7DF97C502CD0980500A3B552 /* Assets.xcassets */,
				7DF97C522CD0980500A3B552 /* Preview Content */,
			);
			path = testapp;
			sourceTree = "<group>";
		};
		7DF97C522CD0980500A3B552 /* Preview Content */ = {
			isa = PBXGroup;
			children = (
				7DF97C532CD0980500A3B552 /* Preview Assets.xcassets */,
			);
			path = "Preview Content";
			sourceTree = "<group>";
		};
		7DF97C5C2CD0980600A3B552 /* testappTests */ = {
			isa = PBXGroup;
			children = (
				7DF97C5D2CD0980600A3B552 /* testappTests.swift */,
			);
			path = testappTests;
			sourceTree = "<group>";
		};
		7DF97C662CD0980600A3B552 /* testappUITests */ = {
			isa = PBXGroup;
			children = (
				7DF97C672CD0980600A3B552 /* testappUITests.swift */,
				7DF97C692CD0980600A3B552 /* testappUITestsLaunchTests.swift */,
			);
			path = testappUITests;
			sourceTree = "<group>";
		};
/* End PBXGroup section */

/* Begin PBXNativeTarget section */
		7DF97C482CD0980500A3B552 /* TravelBank */ = {
			isa = PBXNativeTarget;
			buildConfigurationList = 7DF97C6D2CD0980600A3B552 /* Build configuration list for PBXNativeTarget "TravelBank" */;
			buildPhases = (
				7DF97C452CD0980500A3B552 /* Sources */,
				7DF97C462CD0980500A3B552 /* Frameworks */,
				7DF97C472CD0980500A3B552 /* Resources */,
			);
			buildRules = (
			);
			dependencies = (
			);
			name = TravelBank;
			packageProductDependencies = (
				7DE7CB512CD9842100057217 /* FirebaseAnalytics */,
				7DE7CB532CD9842100057217 /* FirebaseAuth */,
				7DE7CB552CD9842100057217 /* FirebaseDatabase */,
				7DE7CB572CD9842100057217 /* FirebaseDatabaseSwift */,
				7DE7CB592CD9842100057217 /* FirebaseDynamicLinks */,
				7DE7CB5B2CD9842100057217 /* FirebaseFirestore */,
				7DE7CB5D2CD9842100057217 /* FirebaseFirestoreSwift */,
				7DE7CB5F2CD9842100057217 /* FirebaseStorage */,
			);
			productName = testapp;
			productReference = 7DF97C492CD0980500A3B552 /* TravelBank.app */;
			productType = "com.apple.product-type.application";
		};
		7DF97C582CD0980600A3B552 /* TravelBankTests */ = {
			isa = PBXNativeTarget;
			buildConfigurationList = 7DF97C702CD0980600A3B552 /* Build configuration list for PBXNativeTarget "TravelBankTests" */;
			buildPhases = (
				7DF97C552CD0980600A3B552 /* Sources */,
				7DF97C562CD0980600A3B552 /* Frameworks */,
				7DF97C572CD0980600A3B552 /* Resources */,
			);
			buildRules = (
			);
			dependencies = (
				7DF97C5B2CD0980600A3B552 /* PBXTargetDependency */,
			);
			name = TravelBankTests;
			productName = testappTests;
			productReference = 7DF97C592CD0980600A3B552 /* TravelBankTests.xctest */;
			productType = "com.apple.product-type.bundle.unit-test";
		};
		7DF97C622CD0980600A3B552 /* TravelBankUITests */ = {
			isa = PBXNativeTarget;
			buildConfigurationList = 7DF97C732CD0980600A3B552 /* Build configuration list for PBXNativeTarget "TravelBankUITests" */;
			buildPhases = (
				7DF97C5F2CD0980600A3B552 /* Sources */,
				7DF97C602CD0980600A3B552 /* Frameworks */,
				7DF97C612CD0980600A3B552 /* Resources */,
			);
			buildRules = (
			);
			dependencies = (
				7DF97C652CD0980600A3B552 /* PBXTargetDependency */,
			);
			name = TravelBankUITests;
			productName = testappUITests;
			productReference = 7DF97C632CD0980600A3B552 /* TravelBankUITests.xctest */;
			productType = "com.apple.product-type.bundle.ui-testing";
		};
/* End PBXNativeTarget section */

/* Begin PBXProject section */
		7DF97C412CD0980500A3B552 /* Project object */ = {
			isa = PBXProject;
			attributes = {
				BuildIndependentTargetsInParallel = 1;
				LastSwiftUpdateCheck = 1420;
				LastUpgradeCheck = 1420;
				TargetAttributes = {
					7DF97C482CD0980500A3B552 = {
						CreatedOnToolsVersion = 14.2;
					};
					7DF97C582CD0980600A3B552 = {
						CreatedOnToolsVersion = 14.2;
						TestTargetID = 7DF97C482CD0980500A3B552;
					};
					7DF97C622CD0980600A3B552 = {
						CreatedOnToolsVersion = 14.2;
						TestTargetID = 7DF97C482CD0980500A3B552;
					};
				};
			};
			buildConfigurationList = 7DF97C442CD0980500A3B552 /* Build configuration list for PBXProject "TravelBank" */;
			compatibilityVersion = "Xcode 14.0";
			developmentRegion = en;
			hasScannedForEncodings = 0;
			knownRegions = (
				en,
				Base,
			);
			mainGroup = 7DF97C402CD0980400A3B552;
			packageReferences = (
				7DE7CB502CD9842100057217 /* XCRemoteSwiftPackageReference "firebase-ios-sdk" */,
			);
			productRefGroup = 7DF97C4A2CD0980500A3B552 /* Products */;
			projectDirPath = "";
			projectRoot = "";
			targets = (
				7DF97C482CD0980500A3B552 /* TravelBank */,
				7DF97C582CD0980600A3B552 /* TravelBankTests */,
				7DF97C622CD0980600A3B552 /* TravelBankUITests */,
			);
		};
/* End PBXProject section */

/* Begin PBXResourcesBuildPhase section */
		7DF97C472CD0980500A3B552 /* Resources */ = {
			isa = PBXResourcesBuildPhase;
			buildActionMask = 2147483647;
			files = (
				7DF97C542CD0980500A3B552 /* Preview Assets.xcassets in Resources */,
				7DF97C512CD0980500A3B552 /* Assets.xcassets in Resources */,
				7DE7CB4D2CD9823800057217 /* GoogleService-Info.plist in Resources */,
			);
			runOnlyForDeploymentPostprocessing = 0;
		};
		7DF97C572CD0980600A3B552 /* Resources */ = {
			isa = PBXResourcesBuildPhase;
			buildActionMask = 2147483647;
			files = (
				7DE7CB4E2CD9823800057217 /* GoogleService-Info.plist in Resources */,
			);
			runOnlyForDeploymentPostprocessing = 0;
		};
		7DF97C612CD0980600A3B552 /* Resources */ = {
			isa = PBXResourcesBuildPhase;
			buildActionMask = 2147483647;
			files = (
				7DE7CB4F2CD9823800057217 /* GoogleService-Info.plist in Resources */,
			);
			runOnlyForDeploymentPostprocessing = 0;
		};
/* End PBXResourcesBuildPhase section */

/* Begin PBXSourcesBuildPhase section */
		7DF97C452CD0980500A3B552 /* Sources */ = {
			isa = PBXSourcesBuildPhase;
			buildActionMask = 2147483647;
			files = (
				7DF97C7F2CD099BA00A3B552 /* SettingsView.swift in Sources */,
				7DE7CB6A2CD9B0B800057217 /* Group.swift in Sources */,
				7D32F4002CE41BAF0099DA4E /* GroqView.swift in Sources */,
				7DF97C4F2CD0980500A3B552 /* ContentView.swift in Sources */,
				7DF97C772CD098C900A3B552 /* HomeView.swift in Sources */,
				7D4045672CD2113900200DFE /* CalculateReceipt.swift in Sources */,
				7D54501D2CDAEB7300D39D37 /* OweStatement.swift in Sources */,
				7D7861C92CD17EA900A88CE2 /* UserExpense.swift in Sources */,
				7DE7CB752CD9E33B00057217 /* MainView.swift in Sources */,
				7DE7CB662CD988ED00057217 /* UserExpenseManager.swift in Sources */,
				7DE81B162CD1C4540087B521 /* TextRecognizer.swift in Sources */,
				7DF97C792CD098CF00A3B552 /* LogView.swift in Sources */,
				7DF97C812CD09AEC00A3B552 /* ReceiptScannerView.swift in Sources */,
				7DE7CB6C2CD9B12A00057217 /* GroupManager.swift in Sources */,
				7DF97C7D2CD0996900A3B552 /* AddTransaction.swift in Sources */,
				7DE7CB622CD988E100057217 /* FriendManager.swift in Sources */,
				7DE7CB732CD9E33000057217 /* SignInView.swift in Sources */,
				7D5450192CDAB5D400D39D37 /* SignUpView.swift in Sources */,
				7D32F3FE2CE41A450099DA4E /* LLMService.swift in Sources */,
				7DF97C4D2CD0980500A3B552 /* testappApp.swift in Sources */,
				7DE81B142CD1ACBE0087B521 /* BalanceView.swift in Sources */,
				7D54501B2CDAEB0300D39D37 /* TransactionDetailView.swift in Sources */,
				7DF97C8A2CD160B900A3B552 /* Friend.swift in Sources */,
				7DE7CB6E2CD9B18200057217 /* GroupView.swift in Sources */,
				7D40456A2CD2E0EA00200DFE /* BalanceManager.swift in Sources */,
			);
			runOnlyForDeploymentPostprocessing = 0;
		};
		7DF97C552CD0980600A3B552 /* Sources */ = {
			isa = PBXSourcesBuildPhase;
			buildActionMask = 2147483647;
			files = (
				7DF97C5E2CD0980600A3B552 /* testappTests.swift in Sources */,
			);
			runOnlyForDeploymentPostprocessing = 0;
		};
		7DF97C5F2CD0980600A3B552 /* Sources */ = {
			isa = PBXSourcesBuildPhase;
			buildActionMask = 2147483647;
			files = (
				7DF97C6A2CD0980600A3B552 /* testappUITestsLaunchTests.swift in Sources */,
				7DF97C682CD0980600A3B552 /* testappUITests.swift in Sources */,
			);
			runOnlyForDeploymentPostprocessing = 0;
		};
/* End PBXSourcesBuildPhase section */

/* Begin PBXTargetDependency section */
		7DF97C5B2CD0980600A3B552 /* PBXTargetDependency */ = {
			isa = PBXTargetDependency;
			target = 7DF97C482CD0980500A3B552 /* TravelBank */;
			targetProxy = 7DF97C5A2CD0980600A3B552 /* PBXContainerItemProxy */;
		};
		7DF97C652CD0980600A3B552 /* PBXTargetDependency */ = {
			isa = PBXTargetDependency;
			target = 7DF97C482CD0980500A3B552 /* TravelBank */;
			targetProxy = 7DF97C642CD0980600A3B552 /* PBXContainerItemProxy */;
		};
/* End PBXTargetDependency section */

/* Begin XCBuildConfiguration section */
		7DF97C6B2CD0980600A3B552 /* Debug */ = {
			isa = XCBuildConfiguration;
			buildSettings = {
				ALWAYS_SEARCH_USER_PATHS = NO;
				CLANG_ANALYZER_NONNULL = YES;
				CLANG_ANALYZER_NUMBER_OBJECT_CONVERSION = YES_AGGRESSIVE;
				CLANG_CXX_LANGUAGE_STANDARD = "gnu++20";
				CLANG_ENABLE_MODULES = YES;
				CLANG_ENABLE_OBJC_ARC = YES;
				CLANG_ENABLE_OBJC_WEAK = YES;
				CLANG_WARN_BLOCK_CAPTURE_AUTORELEASING = YES;
				CLANG_WARN_BOOL_CONVERSION = YES;
				CLANG_WARN_COMMA = YES;
				CLANG_WARN_CONSTANT_CONVERSION = YES;
				CLANG_WARN_DEPRECATED_OBJC_IMPLEMENTATIONS = YES;
				CLANG_WARN_DIRECT_OBJC_ISA_USAGE = YES_ERROR;
				CLANG_WARN_DOCUMENTATION_COMMENTS = YES;
				CLANG_WARN_EMPTY_BODY = YES;
				CLANG_WARN_ENUM_CONVERSION = YES;
				CLANG_WARN_INFINITE_RECURSION = YES;
				CLANG_WARN_INT_CONVERSION = YES;
				CLANG_WARN_NON_LITERAL_NULL_CONVERSION = YES;
				CLANG_WARN_OBJC_IMPLICIT_RETAIN_SELF = YES;
				CLANG_WARN_OBJC_LITERAL_CONVERSION = YES;
				CLANG_WARN_OBJC_ROOT_CLASS = YES_ERROR;
				CLANG_WARN_QUOTED_INCLUDE_IN_FRAMEWORK_HEADER = YES;
				CLANG_WARN_RANGE_LOOP_ANALYSIS = YES;
				CLANG_WARN_STRICT_PROTOTYPES = YES;
				CLANG_WARN_SUSPICIOUS_MOVE = YES;
				CLANG_WARN_UNGUARDED_AVAILABILITY = YES_AGGRESSIVE;
				CLANG_WARN_UNREACHABLE_CODE = YES;
				CLANG_WARN__DUPLICATE_METHOD_MATCH = YES;
				COPY_PHASE_STRIP = NO;
				DEBUG_INFORMATION_FORMAT = dwarf;
				ENABLE_STRICT_OBJC_MSGSEND = YES;
				ENABLE_TESTABILITY = YES;
				GCC_C_LANGUAGE_STANDARD = gnu11;
				GCC_DYNAMIC_NO_PIC = NO;
				GCC_NO_COMMON_BLOCKS = YES;
				GCC_OPTIMIZATION_LEVEL = 0;
				GCC_PREPROCESSOR_DEFINITIONS = (
					"DEBUG=1",
					"$(inherited)",
				);
				GCC_WARN_64_TO_32_BIT_CONVERSION = YES;
				GCC_WARN_ABOUT_RETURN_TYPE = YES_ERROR;
				GCC_WARN_UNDECLARED_SELECTOR = YES;
				GCC_WARN_UNINITIALIZED_AUTOS = YES_AGGRESSIVE;
				GCC_WARN_UNUSED_FUNCTION = YES;
				GCC_WARN_UNUSED_VARIABLE = YES;
				IPHONEOS_DEPLOYMENT_TARGET = 16.2;
				MTL_ENABLE_DEBUG_INFO = INCLUDE_SOURCE;
				MTL_FAST_MATH = YES;
				ONLY_ACTIVE_ARCH = YES;
				SDKROOT = iphoneos;
				SWIFT_ACTIVE_COMPILATION_CONDITIONS = DEBUG;
				SWIFT_OPTIMIZATION_LEVEL = "-Onone";
			};
			name = Debug;
		};
		7DF97C6C2CD0980600A3B552 /* Release */ = {
			isa = XCBuildConfiguration;
			buildSettings = {
				ALWAYS_SEARCH_USER_PATHS = NO;
				CLANG_ANALYZER_NONNULL = YES;
				CLANG_ANALYZER_NUMBER_OBJECT_CONVERSION = YES_AGGRESSIVE;
				CLANG_CXX_LANGUAGE_STANDARD = "gnu++20";
				CLANG_ENABLE_MODULES = YES;
				CLANG_ENABLE_OBJC_ARC = YES;
				CLANG_ENABLE_OBJC_WEAK = YES;
				CLANG_WARN_BLOCK_CAPTURE_AUTORELEASING = YES;
				CLANG_WARN_BOOL_CONVERSION = YES;
				CLANG_WARN_COMMA = YES;
				CLANG_WARN_CONSTANT_CONVERSION = YES;
				CLANG_WARN_DEPRECATED_OBJC_IMPLEMENTATIONS = YES;
				CLANG_WARN_DIRECT_OBJC_ISA_USAGE = YES_ERROR;
				CLANG_WARN_DOCUMENTATION_COMMENTS = YES;
				CLANG_WARN_EMPTY_BODY = YES;
				CLANG_WARN_ENUM_CONVERSION = YES;
				CLANG_WARN_INFINITE_RECURSION = YES;
				CLANG_WARN_INT_CONVERSION = YES;
				CLANG_WARN_NON_LITERAL_NULL_CONVERSION = YES;
				CLANG_WARN_OBJC_IMPLICIT_RETAIN_SELF = YES;
				CLANG_WARN_OBJC_LITERAL_CONVERSION = YES;
				CLANG_WARN_OBJC_ROOT_CLASS = YES_ERROR;
				CLANG_WARN_QUOTED_INCLUDE_IN_FRAMEWORK_HEADER = YES;
				CLANG_WARN_RANGE_LOOP_ANALYSIS = YES;
				CLANG_WARN_STRICT_PROTOTYPES = YES;
				CLANG_WARN_SUSPICIOUS_MOVE = YES;
				CLANG_WARN_UNGUARDED_AVAILABILITY = YES_AGGRESSIVE;
				CLANG_WARN_UNREACHABLE_CODE = YES;
				CLANG_WARN__DUPLICATE_METHOD_MATCH = YES;
				COPY_PHASE_STRIP = NO;
				DEBUG_INFORMATION_FORMAT = "dwarf-with-dsym";
				ENABLE_NS_ASSERTIONS = NO;
				ENABLE_STRICT_OBJC_MSGSEND = YES;
				GCC_C_LANGUAGE_STANDARD = gnu11;
				GCC_NO_COMMON_BLOCKS = YES;
				GCC_WARN_64_TO_32_BIT_CONVERSION = YES;
				GCC_WARN_ABOUT_RETURN_TYPE = YES_ERROR;
				GCC_WARN_UNDECLARED_SELECTOR = YES;
				GCC_WARN_UNINITIALIZED_AUTOS = YES_AGGRESSIVE;
				GCC_WARN_UNUSED_FUNCTION = YES;
				GCC_WARN_UNUSED_VARIABLE = YES;
				IPHONEOS_DEPLOYMENT_TARGET = 16.2;
				MTL_ENABLE_DEBUG_INFO = NO;
				MTL_FAST_MATH = YES;
				SDKROOT = iphoneos;
				SWIFT_COMPILATION_MODE = wholemodule;
				SWIFT_OPTIMIZATION_LEVEL = "-O";
				VALIDATE_PRODUCT = YES;
			};
			name = Release;
		};
		7DF97C6E2CD0980600A3B552 /* Debug */ = {
			isa = XCBuildConfiguration;
			buildSettings = {
				ASSETCATALOG_COMPILER_APPICON_NAME = AppIcon;
				ASSETCATALOG_COMPILER_GLOBAL_ACCENT_COLOR_NAME = AccentColor;
				CODE_SIGN_ENTITLEMENTS = testapp/testapp.entitlements;
				CODE_SIGN_IDENTITY = "Apple Development";
				CODE_SIGN_STYLE = Automatic;
				CURRENT_PROJECT_VERSION = 1;
				DEVELOPMENT_ASSET_PATHS = "\"testapp/Preview Content\"";
				DEVELOPMENT_TEAM = 9773C663L2;
				ENABLE_PREVIEWS = YES;
				GENERATE_INFOPLIST_FILE = YES;
				INFOPLIST_FILE = testapp/Info.plist;
				INFOPLIST_KEY_CFBundleDisplayName = TravelBank;
				INFOPLIST_KEY_LSApplicationCategoryType = "public.app-category.travel";
				INFOPLIST_KEY_NSCameraUsageDescription = "Need camera access to scan receipt for expense tracking";
				INFOPLIST_KEY_UIApplicationSceneManifest_Generation = YES;
				INFOPLIST_KEY_UIApplicationSupportsIndirectInputEvents = YES;
				INFOPLIST_KEY_UILaunchScreen_Generation = YES;
				INFOPLIST_KEY_UISupportedInterfaceOrientations_iPad = "UIInterfaceOrientationPortrait UIInterfaceOrientationPortraitUpsideDown UIInterfaceOrientationLandscapeLeft UIInterfaceOrientationLandscapeRight";
				INFOPLIST_KEY_UISupportedInterfaceOrientations_iPhone = "UIInterfaceOrientationPortrait UIInterfaceOrientationLandscapeLeft UIInterfaceOrientationLandscapeRight";
				LD_RUNPATH_SEARCH_PATHS = (
					"$(inherited)",
					"@executable_path/Frameworks",
				);
				MARKETING_VERSION = 1.0;
				PRODUCT_BUNDLE_IDENTIFIER = NG.TravelBank;
				PRODUCT_NAME = "$(TARGET_NAME)";
				PROVISIONING_PROFILE_SPECIFIER = "";
				SWIFT_EMIT_LOC_STRINGS = YES;
				SWIFT_VERSION = 5.0;
				TARGETED_DEVICE_FAMILY = "1,2";
			};
			name = Debug;
		};
		7DF97C6F2CD0980600A3B552 /* Release */ = {
			isa = XCBuildConfiguration;
			buildSettings = {
				ASSETCATALOG_COMPILER_APPICON_NAME = AppIcon;
				ASSETCATALOG_COMPILER_GLOBAL_ACCENT_COLOR_NAME = AccentColor;
				CODE_SIGN_ENTITLEMENTS = testapp/testapp.entitlements;
				CODE_SIGN_IDENTITY = "Apple Development";
				CODE_SIGN_STYLE = Automatic;
				CURRENT_PROJECT_VERSION = 1;
				DEVELOPMENT_ASSET_PATHS = "\"testapp/Preview Content\"";
				DEVELOPMENT_TEAM = 9773C663L2;
				ENABLE_PREVIEWS = YES;
				GENERATE_INFOPLIST_FILE = YES;
				INFOPLIST_FILE = testapp/Info.plist;
				INFOPLIST_KEY_CFBundleDisplayName = TravelBank;
				INFOPLIST_KEY_LSApplicationCategoryType = "public.app-category.travel";
				INFOPLIST_KEY_NSCameraUsageDescription = "Need camera access to scan receipt for expense tracking";
				INFOPLIST_KEY_UIApplicationSceneManifest_Generation = YES;
				INFOPLIST_KEY_UIApplicationSupportsIndirectInputEvents = YES;
				INFOPLIST_KEY_UILaunchScreen_Generation = YES;
				INFOPLIST_KEY_UISupportedInterfaceOrientations_iPad = "UIInterfaceOrientationPortrait UIInterfaceOrientationPortraitUpsideDown UIInterfaceOrientationLandscapeLeft UIInterfaceOrientationLandscapeRight";
				INFOPLIST_KEY_UISupportedInterfaceOrientations_iPhone = "UIInterfaceOrientationPortrait UIInterfaceOrientationLandscapeLeft UIInterfaceOrientationLandscapeRight";
				LD_RUNPATH_SEARCH_PATHS = (
					"$(inherited)",
					"@executable_path/Frameworks",
				);
				MARKETING_VERSION = 1.0;
				PRODUCT_BUNDLE_IDENTIFIER = NG.TravelBank;
				PRODUCT_NAME = "$(TARGET_NAME)";
				PROVISIONING_PROFILE_SPECIFIER = "";
				SWIFT_EMIT_LOC_STRINGS = YES;
				SWIFT_VERSION = 5.0;
				TARGETED_DEVICE_FAMILY = "1,2";
			};
			name = Release;
		};
		7DF97C712CD0980600A3B552 /* Debug */ = {
			isa = XCBuildConfiguration;
			buildSettings = {
				ALWAYS_EMBED_SWIFT_STANDARD_LIBRARIES = YES;
				BUNDLE_LOADER = "$(TEST_HOST)";
				CODE_SIGN_STYLE = Automatic;
				CURRENT_PROJECT_VERSION = 1;
				DEVELOPMENT_TEAM = 9773C663L2;
				GENERATE_INFOPLIST_FILE = YES;
				IPHONEOS_DEPLOYMENT_TARGET = 16.2;
				MARKETING_VERSION = 1.0;
				PRODUCT_BUNDLE_IDENTIFIER = NG.testappTests;
				PRODUCT_NAME = "$(TARGET_NAME)";
				SWIFT_EMIT_LOC_STRINGS = NO;
				SWIFT_VERSION = 5.0;
				TARGETED_DEVICE_FAMILY = "1,2";
				TEST_HOST = "$(BUILT_PRODUCTS_DIR)/TravelBank.app/$(BUNDLE_EXECUTABLE_FOLDER_PATH)/TravelBank";
			};
			name = Debug;
		};
		7DF97C722CD0980600A3B552 /* Release */ = {
			isa = XCBuildConfiguration;
			buildSettings = {
				ALWAYS_EMBED_SWIFT_STANDARD_LIBRARIES = YES;
				BUNDLE_LOADER = "$(TEST_HOST)";
				CODE_SIGN_STYLE = Automatic;
				CURRENT_PROJECT_VERSION = 1;
				DEVELOPMENT_TEAM = 9773C663L2;
				GENERATE_INFOPLIST_FILE = YES;
				IPHONEOS_DEPLOYMENT_TARGET = 16.2;
				MARKETING_VERSION = 1.0;
				PRODUCT_BUNDLE_IDENTIFIER = NG.testappTests;
				PRODUCT_NAME = "$(TARGET_NAME)";
				SWIFT_EMIT_LOC_STRINGS = NO;
				SWIFT_VERSION = 5.0;
				TARGETED_DEVICE_FAMILY = "1,2";
				TEST_HOST = "$(BUILT_PRODUCTS_DIR)/TravelBank.app/$(BUNDLE_EXECUTABLE_FOLDER_PATH)/TravelBank";
			};
			name = Release;
		};
		7DF97C742CD0980600A3B552 /* Debug */ = {
			isa = XCBuildConfiguration;
			buildSettings = {
				ALWAYS_EMBED_SWIFT_STANDARD_LIBRARIES = YES;
				CODE_SIGN_STYLE = Automatic;
				CURRENT_PROJECT_VERSION = 1;
				DEVELOPMENT_TEAM = 9773C663L2;
				GENERATE_INFOPLIST_FILE = YES;
				MARKETING_VERSION = 1.0;
				PRODUCT_BUNDLE_IDENTIFIER = NG.testappUITests;
				PRODUCT_NAME = "$(TARGET_NAME)";
				SWIFT_EMIT_LOC_STRINGS = NO;
				SWIFT_VERSION = 5.0;
				TARGETED_DEVICE_FAMILY = "1,2";
				TEST_TARGET_NAME = testapp;
			};
			name = Debug;
		};
		7DF97C752CD0980600A3B552 /* Release */ = {
			isa = XCBuildConfiguration;
			buildSettings = {
				ALWAYS_EMBED_SWIFT_STANDARD_LIBRARIES = YES;
				CODE_SIGN_STYLE = Automatic;
				CURRENT_PROJECT_VERSION = 1;
				DEVELOPMENT_TEAM = 9773C663L2;
				GENERATE_INFOPLIST_FILE = YES;
				MARKETING_VERSION = 1.0;
				PRODUCT_BUNDLE_IDENTIFIER = NG.testappUITests;
				PRODUCT_NAME = "$(TARGET_NAME)";
				SWIFT_EMIT_LOC_STRINGS = NO;
				SWIFT_VERSION = 5.0;
				TARGETED_DEVICE_FAMILY = "1,2";
				TEST_TARGET_NAME = testapp;
			};
			name = Release;
		};
/* End XCBuildConfiguration section */

/* Begin XCConfigurationList section */
		7DF97C442CD0980500A3B552 /* Build configuration list for PBXProject "TravelBank" */ = {
			isa = XCConfigurationList;
			buildConfigurations = (
				7DF97C6B2CD0980600A3B552 /* Debug */,
				7DF97C6C2CD0980600A3B552 /* Release */,
			);
			defaultConfigurationIsVisible = 0;
			defaultConfigurationName = Release;
		};
		7DF97C6D2CD0980600A3B552 /* Build configuration list for PBXNativeTarget "TravelBank" */ = {
			isa = XCConfigurationList;
			buildConfigurations = (
				7DF97C6E2CD0980600A3B552 /* Debug */,
				7DF97C6F2CD0980600A3B552 /* Release */,
			);
			defaultConfigurationIsVisible = 0;
			defaultConfigurationName = Release;
		};
		7DF97C702CD0980600A3B552 /* Build configuration list for PBXNativeTarget "TravelBankTests" */ = {
			isa = XCConfigurationList;
			buildConfigurations = (
				7DF97C712CD0980600A3B552 /* Debug */,
				7DF97C722CD0980600A3B552 /* Release */,
			);
			defaultConfigurationIsVisible = 0;
			defaultConfigurationName = Release;
		};
		7DF97C732CD0980600A3B552 /* Build configuration list for PBXNativeTarget "TravelBankUITests" */ = {
			isa = XCConfigurationList;
			buildConfigurations = (
				7DF97C742CD0980600A3B552 /* Debug */,
				7DF97C752CD0980600A3B552 /* Release */,
			);
			defaultConfigurationIsVisible = 0;
			defaultConfigurationName = Release;
		};
/* End XCConfigurationList section */

/* Begin XCRemoteSwiftPackageReference section */
		7DE7CB502CD9842100057217 /* XCRemoteSwiftPackageReference "firebase-ios-sdk" */ = {
			isa = XCRemoteSwiftPackageReference;
			repositoryURL = "https://github.com/firebase/firebase-ios-sdk";
			requirement = {
				kind = upToNextMajorVersion;
				minimumVersion = 9.0.0;
			};
		};
/* End XCRemoteSwiftPackageReference section */

/* Begin XCSwiftPackageProductDependency section */
		7DE7CB512CD9842100057217 /* FirebaseAnalytics */ = {
			isa = XCSwiftPackageProductDependency;
			package = 7DE7CB502CD9842100057217 /* XCRemoteSwiftPackageReference "firebase-ios-sdk" */;
			productName = FirebaseAnalytics;
		};
		7DE7CB532CD9842100057217 /* FirebaseAuth */ = {
			isa = XCSwiftPackageProductDependency;
			package = 7DE7CB502CD9842100057217 /* XCRemoteSwiftPackageReference "firebase-ios-sdk" */;
			productName = FirebaseAuth;
		};
		7DE7CB552CD9842100057217 /* FirebaseDatabase */ = {
			isa = XCSwiftPackageProductDependency;
			package = 7DE7CB502CD9842100057217 /* XCRemoteSwiftPackageReference "firebase-ios-sdk" */;
			productName = FirebaseDatabase;
		};
		7DE7CB572CD9842100057217 /* FirebaseDatabaseSwift */ = {
			isa = XCSwiftPackageProductDependency;
			package = 7DE7CB502CD9842100057217 /* XCRemoteSwiftPackageReference "firebase-ios-sdk" */;
			productName = FirebaseDatabaseSwift;
		};
		7DE7CB592CD9842100057217 /* FirebaseDynamicLinks */ = {
			isa = XCSwiftPackageProductDependency;
			package = 7DE7CB502CD9842100057217 /* XCRemoteSwiftPackageReference "firebase-ios-sdk" */;
			productName = FirebaseDynamicLinks;
		};
		7DE7CB5B2CD9842100057217 /* FirebaseFirestore */ = {
			isa = XCSwiftPackageProductDependency;
			package = 7DE7CB502CD9842100057217 /* XCRemoteSwiftPackageReference "firebase-ios-sdk" */;
			productName = FirebaseFirestore;
		};
		7DE7CB5D2CD9842100057217 /* FirebaseFirestoreSwift */ = {
			isa = XCSwiftPackageProductDependency;
			package = 7DE7CB502CD9842100057217 /* XCRemoteSwiftPackageReference "firebase-ios-sdk" */;
			productName = FirebaseFirestoreSwift;
		};
		7DE7CB5F2CD9842100057217 /* FirebaseStorage */ = {
			isa = XCSwiftPackageProductDependency;
			package = 7DE7CB502CD9842100057217 /* XCRemoteSwiftPackageReference "firebase-ios-sdk" */;
			productName = FirebaseStorage;
		};
/* End XCSwiftPackageProductDependency section */
	};
	rootObject = 7DF97C412CD0980500A3B552 /* Project object */;
}
